{
  "name": "hatech-web-component-editor",
  "version": "0.0.1",
  "lockfileVersion": 1,
  "requires": true,
  "dependencies": {
    "@tinymce/tinymce-vue": {
      "version": "3.2.3",
      "resolved": "https://registry.npmjs.org/@tinymce/tinymce-vue/-/tinymce-vue-3.2.3.tgz",
      "integrity": "sha512-SMjpAQg2BLtYmnx4s3rKiAFxgXCx4uKWu8XmcvsZoYl5kvF4yaoqx70ovYJvT83ucpO7n6pewnQL3O4lR2WF3Q=="
    },
    "qg-web-component2": {
      "version": "0.0.3",
      "resolved": "https://registry.npmjs.org/qg-web-component2/-/qg-web-component2-0.0.3.tgz",
      "integrity": "sha512-aW+Hp6SgsZbLlzPNJ9kSEGg5dRh91HLsSfxQTdgvUtIuXcB9RjuhafoazrFgECvcP20Lsgrs+xkrFlEHJH6/AA=="
    },
    "tinymce": {
      "version": "5.5.1",
      "resolved": "https://registry.npmjs.org/tinymce/-/tinymce-5.5.1.tgz",
      "integrity": "sha512-z03C8/0TBby68Kp7YUTSCZ0QJINsFCv9U+Cv3TNHg+T1spZ4V6vOIgD0zeTd/xKqkru0P7IOHoeAnOjfpTLq7g=="
    }
  }
}
